// !$*UTF8*$!
{
	archiveVersion = 1;
	classes = {
	};
	objectVersion = 56;
	objects = {

/* Begin PBXBuildFile section */
		CC6C892E48B04D60B09134DC /* PullAndConvertVidsApp.swift in Sources */ = {isa = PBXBuildFile; fileRef = 987A6D3641C24791B4D08988 /* PullAndConvertVidsApp.swift */; };
		B5D4DA7A806D481D83669DE8 /* AppSettings.swift in Sources */ = {isa = PBXBuildFile; fileRef = CCC89313C67C4B36AAC36451 /* AppSettings.swift */; };
		17DE29836DA64774A9E06CD5 /* BinaryInfo.swift in Sources */ = {isa = PBXBuildFile; fileRef = FAD14201D4A84BA7AD969021 /* BinaryInfo.swift */; };
		9A9DC6A142F045D0A7725D9E /* CommandRecord.swift in Sources */ = {isa = PBXBuildFile; fileRef = 992C1C394F594956A3AD7A06 /* CommandRecord.swift */; };
		2700E3681881481BA003513B /* ConvertSettings.swift in Sources */ = {isa = PBXBuildFile; fileRef = 895268195B844AFCBFFEAF16 /* ConvertSettings.swift */; };
		C415D32D34304FA8A816EDA9 /* DownloadSettings.swift in Sources */ = {isa = PBXBuildFile; fileRef = 3FA1EB0F997B4F55880F2DFD /* DownloadSettings.swift */; };
		A10D64FE6CA84698A4409686 /* Job.swift in Sources */ = {isa = PBXBuildFile; fileRef = C1DDCA03EFA64E93918D4C47 /* Job.swift */; };
		A66ACCB840E348BCB1D5012F /* JobStatus.swift in Sources */ = {isa = PBXBuildFile; fileRef = D5CF2F41B64141C28D2E674A /* JobStatus.swift */; };
		E219782B18C848629121B6C5 /* JobType.swift in Sources */ = {isa = PBXBuildFile; fileRef = 0A338FBDDFE44028A7284B53 /* JobType.swift */; };
		5540F13EF98D4EED83ABE75D /* BinaryLocator.swift in Sources */ = {isa = PBXBuildFile; fileRef = D83B12390E2D43FB95129FF4 /* BinaryLocator.swift */; };
		54FB7F592F7747AC94A01049 /* ConvertVidService.swift in Sources */ = {isa = PBXBuildFile; fileRef = 03C1F30EE32748E4A823D646 /* ConvertVidService.swift */; };
		CEF7116E2DBD41E59099468C /* DependencyChecker.swift in Sources */ = {isa = PBXBuildFile; fileRef = 6697AA9A702844DB8F92162C /* DependencyChecker.swift */; };
		1C08D6AC501943A1A4DBC63C /* JobManager.swift in Sources */ = {isa = PBXBuildFile; fileRef = 50C13A68225E4D50BC6D1196 /* JobManager.swift */; };
		B5BED681239F4B6B81FF57F7 /* PipelineCoordinator.swift in Sources */ = {isa = PBXBuildFile; fileRef = 9DEC06C52F0E4CB985CD87B2 /* PipelineCoordinator.swift */; };
		D8C877426CD64508B79DF623 /* ProcessRunner.swift in Sources */ = {isa = PBXBuildFile; fileRef = B5B559C4E8AD43289BE66340 /* ProcessRunner.swift */; };
		91363AD3BEE4486689F255D1 /* ProgressParser.swift in Sources */ = {isa = PBXBuildFile; fileRef = C29AD3D49F0C42A5979F0E6E /* ProgressParser.swift */; };
		B98B76875A364CD1B3EE0392 /* PullVidsService.swift in Sources */ = {isa = PBXBuildFile; fileRef = A2D576A53F7847ACA97F7314 /* PullVidsService.swift */; };
		F6CC7820976846C88606AE6B /* ArgumentBuilder.swift in Sources */ = {isa = PBXBuildFile; fileRef = ACAC5A361F2442D0BF8C614D /* ArgumentBuilder.swift */; };
		966B3EC8EA1F48ACB119BFD6 /* Constants.swift in Sources */ = {isa = PBXBuildFile; fileRef = 035986D676B94A56821C9D39 /* Constants.swift */; };
		15705FBA7FD244E98A7EE777 /* DateFormatters.swift in Sources */ = {isa = PBXBuildFile; fileRef = 133213BEFC5048ABB0B68A90 /* DateFormatters.swift */; };
		B0D30050026943B6B0EE0851 /* FileHelpers.swift in Sources */ = {isa = PBXBuildFile; fileRef = 39C58305E2C5484293A5BB3B /* FileHelpers.swift */; };
		6A7A7E6B1CA243F4A556FFFE /* PathHelpers.swift in Sources */ = {isa = PBXBuildFile; fileRef = 0CB761C1ABDB4923903FE149 /* PathHelpers.swift */; };
		F82A052062CE438491380781 /* ConvertViewModel.swift in Sources */ = {isa = PBXBuildFile; fileRef = 938E412E58084C5381E83ECC /* ConvertViewModel.swift */; };
		0968EA9A213E422494697029 /* DiagnosticsViewModel.swift in Sources */ = {isa = PBXBuildFile; fileRef = D15BAFEB8C5F4B5790E873BE /* DiagnosticsViewModel.swift */; };
		67405DE855E246EDBF5C7AD7 /* DownloadViewModel.swift in Sources */ = {isa = PBXBuildFile; fileRef = C2C1ADEFBC6D4EF09FFA2860 /* DownloadViewModel.swift */; };
		9A9F1ADE408E4D61BF0C2539 /* HistoryViewModel.swift in Sources */ = {isa = PBXBuildFile; fileRef = C8A4CDD00D264DE1A1FF37AC /* HistoryViewModel.swift */; };
		24D10D8C38C140AC826AF3D8 /* QueueViewModel.swift in Sources */ = {isa = PBXBuildFile; fileRef = 640ACEB8947A4A08B962CE1F /* QueueViewModel.swift */; };
		93E9CE598ECF4BCB87A60731 /* SettingsViewModel.swift in Sources */ = {isa = PBXBuildFile; fileRef = F98B63C845D949A7916E5A80 /* SettingsViewModel.swift */; };
		B9C9A6929A7F45948DDE9FA7 /* EmptyStateView.swift in Sources */ = {isa = PBXBuildFile; fileRef = 26A25CCDB2CF47C7BC99304D /* EmptyStateView.swift */; };
		10FFFEEAD2034D73BD935FB3 /* ErrorView.swift in Sources */ = {isa = PBXBuildFile; fileRef = F74CBD229DC64C50B8177E23 /* ErrorView.swift */; };
		DDEC2A7515A64E2D9A9AF79B /* LogViewerView.swift in Sources */ = {isa = PBXBuildFile; fileRef = 568FBA8995B54AD6A0E9CEE8 /* LogViewerView.swift */; };
		9AE77F39DBE44662B3399F4E /* ContentView.swift in Sources */ = {isa = PBXBuildFile; fileRef = F47781B14667491C9241F922 /* ContentView.swift */; };
		2903BBAED2414FBCAA073188 /* ConvertView.swift in Sources */ = {isa = PBXBuildFile; fileRef = FCD3F5F60A3F4111B558784C /* ConvertView.swift */; };
		C3B0C298196D4014BD208BF3 /* DiagnosticsView.swift in Sources */ = {isa = PBXBuildFile; fileRef = 24E2B735BEAE411B8144970D /* DiagnosticsView.swift */; };
		EC20503C871C4BB1AD47E27B /* DownloadView.swift in Sources */ = {isa = PBXBuildFile; fileRef = 8280EE51861E4C7A9BE5A2F9 /* DownloadView.swift */; };
		6F31B263F2B743BE82E0FA1E /* HistoryView.swift in Sources */ = {isa = PBXBuildFile; fileRef = 83AAE9AF3C9540DBBB786E89 /* HistoryView.swift */; };
		B7C935BAE31E48A58A24BE10 /* QueueView.swift in Sources */ = {isa = PBXBuildFile; fileRef = ADF881FCD8264626A3ED61C8 /* QueueView.swift */; };
		37C4B5073C594BC6907E53C9 /* SettingsView.swift in Sources */ = {isa = PBXBuildFile; fileRef = 60DB6AD23C6047A5833D940A /* SettingsView.swift */; };
		01CF417374FD49C3A2812BD0 /* Assets.xcassets in Resources */ = {isa = PBXBuildFile; fileRef = 799941F953AD4E95A64B8520 /* Assets.xcassets */; };
/* End PBXBuildFile section */

/* Begin PBXFileReference section */
		987A6D3641C24791B4D08988 /* PullAndConvertVidsApp.swift */ = {isa = PBXFileReference; lastKnownFileType = sourcecode.swift; path = "PullAndConvertVidsApp.swift"; sourceTree = "<group>"; };
		CCC89313C67C4B36AAC36451 /* AppSettings.swift */ = {isa = PBXFileReference; lastKnownFileType = sourcecode.swift; path = "AppSettings.swift"; sourceTree = "<group>"; };
		FAD14201D4A84BA7AD969021 /* BinaryInfo.swift */ = {isa = PBXFileReference; lastKnownFileType = sourcecode.swift; path = "BinaryInfo.swift"; sourceTree = "<group>"; };
		992C1C394F594956A3AD7A06 /* CommandRecord.swift */ = {isa = PBXFileReference; lastKnownFileType = sourcecode.swift; path = "CommandRecord.swift"; sourceTree = "<group>"; };
		895268195B844AFCBFFEAF16 /* ConvertSettings.swift */ = {isa = PBXFileReference; lastKnownFileType = sourcecode.swift; path = "ConvertSettings.swift"; sourceTree = "<group>"; };
		3FA1EB0F997B4F55880F2DFD /* DownloadSettings.swift */ = {isa = PBXFileReference; lastKnownFileType = sourcecode.swift; path = "DownloadSettings.swift"; sourceTree = "<group>"; };
		C1DDCA03EFA64E93918D4C47 /* Job.swift */ = {isa = PBXFileReference; lastKnownFileType = sourcecode.swift; path = "Job.swift"; sourceTree = "<group>"; };
		D5CF2F41B64141C28D2E674A /* JobStatus.swift */ = {isa = PBXFileReference; lastKnownFileType = sourcecode.swift; path = "JobStatus.swift"; sourceTree = "<group>"; };
		0A338FBDDFE44028A7284B53 /* JobType.swift */ = {isa = PBXFileReference; lastKnownFileType = sourcecode.swift; path = "JobType.swift"; sourceTree = "<group>"; };
		D83B12390E2D43FB95129FF4 /* BinaryLocator.swift */ = {isa = PBXFileReference; lastKnownFileType = sourcecode.swift; path = "BinaryLocator.swift"; sourceTree = "<group>"; };
		03C1F30EE32748E4A823D646 /* ConvertVidService.swift */ = {isa = PBXFileReference; lastKnownFileType = sourcecode.swift; path = "ConvertVidService.swift"; sourceTree = "<group>"; };
		6697AA9A702844DB8F92162C /* DependencyChecker.swift */ = {isa = PBXFileReference; lastKnownFileType = sourcecode.swift; path = "DependencyChecker.swift"; sourceTree = "<group>"; };
		50C13A68225E4D50BC6D1196 /* JobManager.swift */ = {isa = PBXFileReference; lastKnownFileType = sourcecode.swift; path = "JobManager.swift"; sourceTree = "<group>"; };
		9DEC06C52F0E4CB985CD87B2 /* PipelineCoordinator.swift */ = {isa = PBXFileReference; lastKnownFileType = sourcecode.swift; path = "PipelineCoordinator.swift"; sourceTree = "<group>"; };
		B5B559C4E8AD43289BE66340 /* ProcessRunner.swift */ = {isa = PBXFileReference; lastKnownFileType = sourcecode.swift; path = "ProcessRunner.swift"; sourceTree = "<group>"; };
		C29AD3D49F0C42A5979F0E6E /* ProgressParser.swift */ = {isa = PBXFileReference; lastKnownFileType = sourcecode.swift; path = "ProgressParser.swift"; sourceTree = "<group>"; };
		A2D576A53F7847ACA97F7314 /* PullVidsService.swift */ = {isa = PBXFileReference; lastKnownFileType = sourcecode.swift; path = "PullVidsService.swift"; sourceTree = "<group>"; };
		ACAC5A361F2442D0BF8C614D /* ArgumentBuilder.swift */ = {isa = PBXFileReference; lastKnownFileType = sourcecode.swift; path = "ArgumentBuilder.swift"; sourceTree = "<group>"; };
		035986D676B94A56821C9D39 /* Constants.swift */ = {isa = PBXFileReference; lastKnownFileType = sourcecode.swift; path = "Constants.swift"; sourceTree = "<group>"; };
		133213BEFC5048ABB0B68A90 /* DateFormatters.swift */ = {isa = PBXFileReference; lastKnownFileType = sourcecode.swift; path = "DateFormatters.swift"; sourceTree = "<group>"; };
		39C58305E2C5484293A5BB3B /* FileHelpers.swift */ = {isa = PBXFileReference; lastKnownFileType = sourcecode.swift; path = "FileHelpers.swift"; sourceTree = "<group>"; };
		0CB761C1ABDB4923903FE149 /* PathHelpers.swift */ = {isa = PBXFileReference; lastKnownFileType = sourcecode.swift; path = "PathHelpers.swift"; sourceTree = "<group>"; };
		938E412E58084C5381E83ECC /* ConvertViewModel.swift */ = {isa = PBXFileReference; lastKnownFileType = sourcecode.swift; path = "ConvertViewModel.swift"; sourceTree = "<group>"; };
		D15BAFEB8C5F4B5790E873BE /* DiagnosticsViewModel.swift */ = {isa = PBXFileReference; lastKnownFileType = sourcecode.swift; path = "DiagnosticsViewModel.swift"; sourceTree = "<group>"; };
		C2C1ADEFBC6D4EF09FFA2860 /* DownloadViewModel.swift */ = {isa = PBXFileReference; lastKnownFileType = sourcecode.swift; path = "DownloadViewModel.swift"; sourceTree = "<group>"; };
		C8A4CDD00D264DE1A1FF37AC /* HistoryViewModel.swift */ = {isa = PBXFileReference; lastKnownFileType = sourcecode.swift; path = "HistoryViewModel.swift"; sourceTree = "<group>"; };
		640ACEB8947A4A08B962CE1F /* QueueViewModel.swift */ = {isa = PBXFileReference; lastKnownFileType = sourcecode.swift; path = "QueueViewModel.swift"; sourceTree = "<group>"; };
		F98B63C845D949A7916E5A80 /* SettingsViewModel.swift */ = {isa = PBXFileReference; lastKnownFileType = sourcecode.swift; path = "SettingsViewModel.swift"; sourceTree = "<group>"; };
		26A25CCDB2CF47C7BC99304D /* EmptyStateView.swift */ = {isa = PBXFileReference; lastKnownFileType = sourcecode.swift; path = "EmptyStateView.swift"; sourceTree = "<group>"; };
		F74CBD229DC64C50B8177E23 /* ErrorView.swift */ = {isa = PBXFileReference; lastKnownFileType = sourcecode.swift; path = "ErrorView.swift"; sourceTree = "<group>"; };
		568FBA8995B54AD6A0E9CEE8 /* LogViewerView.swift */ = {isa = PBXFileReference; lastKnownFileType = sourcecode.swift; path = "LogViewerView.swift"; sourceTree = "<group>"; };
		F47781B14667491C9241F922 /* ContentView.swift */ = {isa = PBXFileReference; lastKnownFileType = sourcecode.swift; path = "ContentView.swift"; sourceTree = "<group>"; };
		FCD3F5F60A3F4111B558784C /* ConvertView.swift */ = {isa = PBXFileReference; lastKnownFileType = sourcecode.swift; path = "ConvertView.swift"; sourceTree = "<group>"; };
		24E2B735BEAE411B8144970D /* DiagnosticsView.swift */ = {isa = PBXFileReference; lastKnownFileType = sourcecode.swift; path = "DiagnosticsView.swift"; sourceTree = "<group>"; };
		8280EE51861E4C7A9BE5A2F9 /* DownloadView.swift */ = {isa = PBXFileReference; lastKnownFileType = sourcecode.swift; path = "DownloadView.swift"; sourceTree = "<group>"; };
		83AAE9AF3C9540DBBB786E89 /* HistoryView.swift */ = {isa = PBXFileReference; lastKnownFileType = sourcecode.swift; path = "HistoryView.swift"; sourceTree = "<group>"; };
		ADF881FCD8264626A3ED61C8 /* QueueView.swift */ = {isa = PBXFileReference; lastKnownFileType = sourcecode.swift; path = "QueueView.swift"; sourceTree = "<group>"; };
		60DB6AD23C6047A5833D940A /* SettingsView.swift */ = {isa = PBXFileReference; lastKnownFileType = sourcecode.swift; path = "SettingsView.swift"; sourceTree = "<group>"; };
		16143217E680493D8D577866 /* PullAndConvertVids.app */ = {isa = PBXFileReference; explicitFileType = wrapper.application; includeInIndex = 0; path = PullAndConvertVids.app; sourceTree = BUILT_PRODUCTS_DIR; };
		799941F953AD4E95A64B8520 /* Assets.xcassets */ = {isa = PBXFileReference; lastKnownFileType = folder.assetcatalog; path = Assets.xcassets; sourceTree = "<group>"; };
/* End PBXFileReference section */

/* Begin PBXFrameworksBuildPhase section */
		C7751C3B60BC44799FFB4907 /* Frameworks */ = {
			isa = PBXFrameworksBuildPhase;
			buildActionMask = 2147483647;
			files = (
			);
			runOnlyForDeploymentPostprocessing = 0;
		};
/* End PBXFrameworksBuildPhase section */

/* Begin PBXGroup section */
		B2FBF3D191D742A68E47E422 = {
			isa = PBXGroup;
			children = (
				A6732DFAEB364BB09B0D695E /* PullAndConvertVids */,
				2A546AC55CC64B84A7F3CA82 /* Products */,
			);
			sourceTree = "<group>";
		};
		2A546AC55CC64B84A7F3CA82 /* Products */ = {
			isa = PBXGroup;
			children = (
				16143217E680493D8D577866 /* PullAndConvertVids.app */,
			);
			name = Products;
			sourceTree = "<group>";
		};
		A6732DFAEB364BB09B0D695E /* PullAndConvertVids */ = {
			isa = PBXGroup;
			children = (
				C74C8C1DCA1D45BAB7D46439 /* App */,
				7DFD19E0BCB349649F1C12AB /* Models */,
				47AA7C152D3C4A4F91E88DFC /* Services */,
				71BD11333A07410185D76CC1 /* Utilities */,
				4BBA02C7840C4048AEB0A113 /* ViewModels */,
				F3CA1351897D4D29966627A6 /* Views */,
				2814218860BD41078A7800C1 /* Views */,
				BDDE37254D7C4790A4EAA481 /* Views */,
				FBFE5E24323C477AACFAEEA3 /* Views */,
				3BBEFB88C91E4BC2B7162443 /* Views */,
				166E3F17160F4547954F7399 /* Views */,
				84B089799C9348D0B611C3A7 /* Views */,
				5798BB3AA5744D2FBE7D7091 /* Views */,
				799941F953AD4E95A64B8520 /* Assets.xcassets */,
			);
			path = PullAndConvertVids;
			sourceTree = "<group>";
		}};
		C74C8C1DCA1D45BAB7D46439 /* App */ = {
			isa = PBXGroup;
			children = (
				987A6D3641C24791B4D08988 /* PullAndConvertVidsApp.swift */,
			);
			path = App;
			sourceTree = "<group>";
		};
		7DFD19E0BCB349649F1C12AB /* Models */ = {
			isa = PBXGroup;
			children = (
				CCC89313C67C4B36AAC36451 /* AppSettings.swift */,
				FAD14201D4A84BA7AD969021 /* BinaryInfo.swift */,
				992C1C394F594956A3AD7A06 /* CommandRecord.swift */,
				895268195B844AFCBFFEAF16 /* ConvertSettings.swift */,
				3FA1EB0F997B4F55880F2DFD /* DownloadSettings.swift */,
				C1DDCA03EFA64E93918D4C47 /* Job.swift */,
				D5CF2F41B64141C28D2E674A /* JobStatus.swift */,
				0A338FBDDFE44028A7284B53 /* JobType.swift */,
			);
			path = Models;
			sourceTree = "<group>";
		};
		47AA7C152D3C4A4F91E88DFC /* Services */ = {
			isa = PBXGroup;
			children = (
				D83B12390E2D43FB95129FF4 /* BinaryLocator.swift */,
				03C1F30EE32748E4A823D646 /* ConvertVidService.swift */,
				6697AA9A702844DB8F92162C /* DependencyChecker.swift */,
				50C13A68225E4D50BC6D1196 /* JobManager.swift */,
				9DEC06C52F0E4CB985CD87B2 /* PipelineCoordinator.swift */,
				B5B559C4E8AD43289BE66340 /* ProcessRunner.swift */,
				C29AD3D49F0C42A5979F0E6E /* ProgressParser.swift */,
				A2D576A53F7847ACA97F7314 /* PullVidsService.swift */,
			);
			path = Services;
			sourceTree = "<group>";
		};
		71BD11333A07410185D76CC1 /* Utilities */ = {
			isa = PBXGroup;
			children = (
				ACAC5A361F2442D0BF8C614D /* ArgumentBuilder.swift */,
				035986D676B94A56821C9D39 /* Constants.swift */,
				133213BEFC5048ABB0B68A90 /* DateFormatters.swift */,
				39C58305E2C5484293A5BB3B /* FileHelpers.swift */,
				0CB761C1ABDB4923903FE149 /* PathHelpers.swift */,
			);
			path = Utilities;
			sourceTree = "<group>";
		};
		4BBA02C7840C4048AEB0A113 /* ViewModels */ = {
			isa = PBXGroup;
			children = (
				938E412E58084C5381E83ECC /* ConvertViewModel.swift */,
				D15BAFEB8C5F4B5790E873BE /* DiagnosticsViewModel.swift */,
				C2C1ADEFBC6D4EF09FFA2860 /* DownloadViewModel.swift */,
				C8A4CDD00D264DE1A1FF37AC /* HistoryViewModel.swift */,
				640ACEB8947A4A08B962CE1F /* QueueViewModel.swift */,
				F98B63C845D949A7916E5A80 /* SettingsViewModel.swift */,
			);
			path = ViewModels;
			sourceTree = "<group>";
		};
		F3CA1351897D4D29966627A6 /* Views */ = {
			isa = PBXGroup;
			children = (
				F47781B14667491C9241F922 /* ContentView.swift */,
			);
			path = Views;
			sourceTree = "<group>";
		};
		2814218860BD41078A7800C1 /* Components */ = {
			isa = PBXGroup;
			children = (
				26A25CCDB2CF47C7BC99304D /* EmptyStateView.swift */,
				F74CBD229DC64C50B8177E23 /* ErrorView.swift */,
				568FBA8995B54AD6A0E9CEE8 /* LogViewerView.swift */,
			);
			path = Components;
			sourceTree = "<group>";
		};
		BDDE37254D7C4790A4EAA481 /* Convert */ = {
			isa = PBXGroup;
			children = (
				FCD3F5F60A3F4111B558784C /* ConvertView.swift */,
			);
			path = Convert;
			sourceTree = "<group>";
		};
		FBFE5E24323C477AACFAEEA3 /* Diagnostics */ = {
			isa = PBXGroup;
			children = (
				24E2B735BEAE411B8144970D /* DiagnosticsView.swift */,
			);
			path = Diagnostics;
			sourceTree = "<group>";
		};
		3BBEFB88C91E4BC2B7162443 /* Download */ = {
			isa = PBXGroup;
			children = (
				8280EE51861E4C7A9BE5A2F9 /* DownloadView.swift */,
			);
			path = Download;
			sourceTree = "<group>";
		};
		166E3F17160F4547954F7399 /* History */ = {
			isa = PBXGroup;
			children = (
				83AAE9AF3C9540DBBB786E89 /* HistoryView.swift */,
			);
			path = History;
			sourceTree = "<group>";
		};
		84B089799C9348D0B611C3A7 /* Queue */ = {
			isa = PBXGroup;
			children = (
				ADF881FCD8264626A3ED61C8 /* QueueView.swift */,
			);
			path = Queue;
			sourceTree = "<group>";
		};
		5798BB3AA5744D2FBE7D7091 /* Settings */ = {
			isa = PBXGroup;
			children = (
				60DB6AD23C6047A5833D940A /* SettingsView.swift */,
			);
			path = Settings;
			sourceTree = "<group>";
		};
/* End PBXGroup section */

/* Begin PBXNativeTarget section */
		87F837BE648F48298D1250FE /* PullAndConvertVids */ = {
			isa = PBXNativeTarget;
			buildConfigurationList = E697F365C9F94345A173D464;
			buildPhases = (
				419794E62C7A435D9E1CECBE /* Sources */,
				C7751C3B60BC44799FFB4907 /* Frameworks */,
				9B0A515634034C23B0345FC0 /* Resources */,
			);
			buildRules = (
			);
			dependencies = (
			);
			name = PullAndConvertVids;
			productName = PullAndConvertVids;
			productReference = 16143217E680493D8D577866;
			productType = "com.apple.product-type.application";
		};
/* End PBXNativeTarget section */

/* Begin PBXProject section */
		AAAA53A97F46494AAAED6079 /* Project object */ = {
			isa = PBXProject;
			attributes = {
				BuildIndependentTargetsInParallel = 1;
				LastSwiftUpdateCheck = 1500;
				LastUpgradeCheck = 1500;
			};
			buildConfigurationList = 9AE052C819034475833CBAAA;
			compatibilityVersion = "Xcode 14.0";
			hasScannedForEncodings = 0;
			mainGroup = B2FBF3D191D742A68E47E422;
			productRefGroup = 2A546AC55CC64B84A7F3CA82;
			projectDirPath = "";
			projectRoot = "";
			targets = (
				87F837BE648F48298D1250FE /* PullAndConvertVids */,
			);
		};
/* End PBXProject section */

/* Begin PBXResourcesBuildPhase section */
		9B0A515634034C23B0345FC0 /* Resources */ = {
			isa = PBXResourcesBuildPhase;
			buildActionMask = 2147483647;
			files = (
				01CF417374FD49C3A2812BD0 /* Assets.xcassets in Resources */,
			);
			runOnlyForDeploymentPostprocessing = 0;
		};
/* End PBXResourcesBuildPhase section */

/* Begin PBXSourcesBuildPhase section */
		419794E62C7A435D9E1CECBE /* Sources */ = {
			isa = PBXSourcesBuildPhase;
			buildActionMask = 2147483647;
			files = (
				CC6C892E48B04D60B09134DC /* PullAndConvertVidsApp.swift in Sources */,
				B5D4DA7A806D481D83669DE8 /* AppSettings.swift in Sources */,
				17DE29836DA64774A9E06CD5 /* BinaryInfo.swift in Sources */,
				9A9DC6A142F045D0A7725D9E /* CommandRecord.swift in Sources */,
				2700E3681881481BA003513B /* ConvertSettings.swift in Sources */,
				C415D32D34304FA8A816EDA9 /* DownloadSettings.swift in Sources */,
				A10D64FE6CA84698A4409686 /* Job.swift in Sources */,
				A66ACCB840E348BCB1D5012F /* JobStatus.swift in Sources */,
				E219782B18C848629121B6C5 /* JobType.swift in Sources */,
				5540F13EF98D4EED83ABE75D /* BinaryLocator.swift in Sources */,
				54FB7F592F7747AC94A01049 /* ConvertVidService.swift in Sources */,
				CEF7116E2DBD41E59099468C /* DependencyChecker.swift in Sources */,
				1C08D6AC501943A1A4DBC63C /* JobManager.swift in Sources */,
				B5BED681239F4B6B81FF57F7 /* PipelineCoordinator.swift in Sources */,
				D8C877426CD64508B79DF623 /* ProcessRunner.swift in Sources */,
				91363AD3BEE4486689F255D1 /* ProgressParser.swift in Sources */,
				B98B76875A364CD1B3EE0392 /* PullVidsService.swift in Sources */,
				F6CC7820976846C88606AE6B /* ArgumentBuilder.swift in Sources */,
				966B3EC8EA1F48ACB119BFD6 /* Constants.swift in Sources */,
				15705FBA7FD244E98A7EE777 /* DateFormatters.swift in Sources */,
				B0D30050026943B6B0EE0851 /* FileHelpers.swift in Sources */,
				6A7A7E6B1CA243F4A556FFFE /* PathHelpers.swift in Sources */,
				F82A052062CE438491380781 /* ConvertViewModel.swift in Sources */,
				0968EA9A213E422494697029 /* DiagnosticsViewModel.swift in Sources */,
				67405DE855E246EDBF5C7AD7 /* DownloadViewModel.swift in Sources */,
				9A9F1ADE408E4D61BF0C2539 /* HistoryViewModel.swift in Sources */,
				24D10D8C38C140AC826AF3D8 /* QueueViewModel.swift in Sources */,
				93E9CE598ECF4BCB87A60731 /* SettingsViewModel.swift in Sources */,
				B9C9A6929A7F45948DDE9FA7 /* EmptyStateView.swift in Sources */,
				10FFFEEAD2034D73BD935FB3 /* ErrorView.swift in Sources */,
				DDEC2A7515A64E2D9A9AF79B /* LogViewerView.swift in Sources */,
				9AE77F39DBE44662B3399F4E /* ContentView.swift in Sources */,
				2903BBAED2414FBCAA073188 /* ConvertView.swift in Sources */,
				C3B0C298196D4014BD208BF3 /* DiagnosticsView.swift in Sources */,
				EC20503C871C4BB1AD47E27B /* DownloadView.swift in Sources */,
				6F31B263F2B743BE82E0FA1E /* HistoryView.swift in Sources */,
				B7C935BAE31E48A58A24BE10 /* QueueView.swift in Sources */,
				37C4B5073C594BC6907E53C9 /* SettingsView.swift in Sources */,
			);
			runOnlyForDeploymentPostprocessing = 0;
		};
/* End PBXSourcesBuildPhase section */

/* Begin XCBuildConfiguration section */
		E846F6DB8F0E464EB9BFC5ED /* Debug */ = {
			isa = XCBuildConfiguration;
			buildSettings = {
				ALWAYS_SEARCH_USER_PATHS = NO;
				CLANG_ANALYZER_NONNULL = YES;
				CLANG_CXX_LANGUAGE_STANDARD = "gnu++20";
				COPY_PHASE_STRIP = NO;
				ENABLE_TESTABILITY = YES;
				GCC_C_LANGUAGE_STANDARD = gnu11;
				GCC_DYNAMIC_NO_PIC = NO;
				GCC_OPTIMIZATION_LEVEL = 0;
				GCC_PREPROCESSOR_DEFINITIONS = (
					"DEBUG=1",
				);
				MACOSX_DEPLOYMENT_TARGET = 13.0;
				MTL_ENABLE_DEBUG_INFO = INCLUDE_SOURCE;
				ONLY_ACTIVE_ARCH = YES;
				SWIFT_ACTIVE_COMPILATION_CONDITIONS = DEBUG;
				SWIFT_OPTIMIZATION_LEVEL = "-Onone";
				SWIFT_VERSION = 5.0;
			};
			name = Debug;
		};
		D7F896FEE4E0453E8FBAE301 /* Release */ = {
			isa = XCBuildConfiguration;
			buildSettings = {
				ALWAYS_SEARCH_USER_PATHS = NO;
				CLANG_ANALYZER_NONNULL = YES;
				CLANG_CXX_LANGUAGE_STANDARD = "gnu++20";
				COPY_PHASE_STRIP = NO;
				GCC_C_LANGUAGE_STANDARD = gnu11;
				MACOSX_DEPLOYMENT_TARGET = 13.0;
				MTL_ENABLE_DEBUG_INFO = NO;
				SWIFT_COMPILATION_MODE = wholemodule;
				SWIFT_OPTIMIZATION_LEVEL = "-O";
				SWIFT_VERSION = 5.0;
			};
			name = Release;
		};
		383805EEC7B643B184B4AC29 /* Debug */ = {
			isa = XCBuildConfiguration;
			buildSettings = {
				ASSOURCEDIR = "$(SRCROOT)/PullAndConvertVids";
				CODE_SIGN_IDENTITY = "-";
				CODE_SIGN_STYLE = Automatic;
				CURRENT_PROJECT_VERSION = 1;
				ENABLE_HARDENED_RUNTIME = YES;
				GENERATE_INFOPLIST_FILE = YES;
				INFOPLIST_KEY_LSApplicationCategoryType = "public.app-category.utilities";
				INFOPLIST_KEY_NSHumanReadableCopyright = "Copyright © 2025";
				INFOPLIST_KEY_NSPrincipalClass = NSApplication;
				LD_RUNPATH_SEARCH_PATHS = (
					"$(inherited)",
					"@executable_path/../Frameworks",
				);
				MACOSX_DEPLOYMENT_TARGET = 13.0;
				MARKETING_VERSION = 1.0.0;
				PRODUCT_BUNDLE_IDENTIFIER = com.vib795.PullAndConvertVids;
				PRODUCT_NAME = "$(TARGET_NAME)";
				SWIFT_EMIT_LOC_STRINGS = YES;
				SWIFT_VERSION = 5.0;
			};
			name = Debug;
		};
		AE37833213BB4B37A5F73A53 /* Release */ = {
			isa = XCBuildConfiguration;
			buildSettings = {
				ASSOURCEDIR = "$(SRCROOT)/PullAndConvertVids";
				CODE_SIGN_IDENTITY = "-";
				CODE_SIGN_STYLE = Automatic;
				CURRENT_PROJECT_VERSION = 1;
				ENABLE_HARDENED_RUNTIME = YES;
				GENERATE_INFOPLIST_FILE = YES;
				INFOPLIST_KEY_LSApplicationCategoryType = "public.app-category.utilities";
				INFOPLIST_KEY_NSHumanReadableCopyright = "Copyright © 2025";
				INFOPLIST_KEY_NSPrincipalClass = NSApplication;
				LD_RUNPATH_SEARCH_PATHS = (
					"$(inherited)",
					"@executable_path/../Frameworks",
				);
				MACOSX_DEPLOYMENT_TARGET = 13.0;
				MARKETING_VERSION = 1.0.0;
				PRODUCT_BUNDLE_IDENTIFIER = com.vib795.PullAndConvertVids;
				PRODUCT_NAME = "$(TARGET_NAME)";
				SWIFT_EMIT_LOC_STRINGS = YES;
				SWIFT_VERSION = 5.0;
			};
			name = Release;
		};
/* End XCBuildConfiguration section */

/* Begin XCConfigurationList section */
		9AE052C819034475833CBAAA /* Build configuration list for PBXProject "PullAndConvertVids" */ = {
			isa = XCConfigurationList;
			buildConfigurations = (
				E846F6DB8F0E464EB9BFC5ED /* Debug */,
				D7F896FEE4E0453E8FBAE301 /* Release */,
			);
			defaultConfigurationIsVisible = 0;
			defaultConfigurationName = Release;
		};
		E697F365C9F94345A173D464 /* Build configuration list for PBXNativeTarget "PullAndConvertVids" */ = {
			isa = XCConfigurationList;
			buildConfigurations = (
				383805EEC7B643B184B4AC29 /* Debug */,
				AE37833213BB4B37A5F73A53 /* Release */,
			);
			defaultConfigurationIsVisible = 0;
			defaultConfigurationName = Release;
		};
/* End XCConfigurationList section */
	};
	rootObject = AAAA53A97F46494AAAED6079 /* Project object */;
}
