// !$*UTF8*$!
{
	archiveVersion = 1;
	classes = {
	};
	objectVersion = 56;
	objects = {

/* Begin PBXBuildFile section */
		6DAFA09AF9E3419D8110439E /* PullAndConvertVidsApp.swift in Sources */ = {isa = PBXBuildFile; fileRef = 52EEF936A77A49ADA623CEA4 /* PullAndConvertVidsApp.swift */; };
		A01534009CE4416C9D7277FD /* AppSettings.swift in Sources */ = {isa = PBXBuildFile; fileRef = 9D081DF6E1724C67B23D9C9E /* AppSettings.swift */; };
		77B27BF30D994C1BBB3160D5 /* BinaryInfo.swift in Sources */ = {isa = PBXBuildFile; fileRef = D83A6F27C2E747028B49B86D /* BinaryInfo.swift */; };
		91F7FDE0259A4518AC2318E1 /* CommandRecord.swift in Sources */ = {isa = PBXBuildFile; fileRef = 6C27470DA2034E79818F00F7 /* CommandRecord.swift */; };
		50FB2945FDAC421ABA33D8F7 /* ConvertSettings.swift in Sources */ = {isa = PBXBuildFile; fileRef = 354DE174AB464F71A21D6173 /* ConvertSettings.swift */; };
		7CF00AC663C141A19D7D7E44 /* DownloadSettings.swift in Sources */ = {isa = PBXBuildFile; fileRef = 1259BB8358CB4E8CB2E7532F /* DownloadSettings.swift */; };
		D050DC50B7CE416F9658130C /* Job.swift in Sources */ = {isa = PBXBuildFile; fileRef = 2679C8514301418D831F271B /* Job.swift */; };
		E9B4147B218045BC843713EA /* JobStatus.swift in Sources */ = {isa = PBXBuildFile; fileRef = FE6CA31900D54A3FB053F0E7 /* JobStatus.swift */; };
		B093A135952F4ECF8E51085D /* JobType.swift in Sources */ = {isa = PBXBuildFile; fileRef = E61AC7C668764CD789C9484D /* JobType.swift */; };
		E8D97D77883C4BBE97269484 /* BinaryLocator.swift in Sources */ = {isa = PBXBuildFile; fileRef = BD4A5F2D44284314AF6C5AD5 /* BinaryLocator.swift */; };
		4B26EB9E967A45ADB9F532C5 /* ConvertVidService.swift in Sources */ = {isa = PBXBuildFile; fileRef = 43E2111302DB4826B7B89B8C /* ConvertVidService.swift */; };
		867777C7900641B7A567980F /* DependencyChecker.swift in Sources */ = {isa = PBXBuildFile; fileRef = F065FDB1B9EF4DAB85A65062 /* DependencyChecker.swift */; };
		F3324966E6C44FD3A2D09CCE /* JobManager.swift in Sources */ = {isa = PBXBuildFile; fileRef = F04D768D78EE4E9EA93389E0 /* JobManager.swift */; };
		86D4193550B341F1AE33DDA6 /* PipelineCoordinator.swift in Sources */ = {isa = PBXBuildFile; fileRef = 43DB7392307F4FE58FB3EFBC /* PipelineCoordinator.swift */; };
		F685F398A0444BE0936F1CB9 /* ProcessRunner.swift in Sources */ = {isa = PBXBuildFile; fileRef = E824AACAA82644AA97FA583A /* ProcessRunner.swift */; };
		FAE773DEB7494D5B94EE943E /* ProgressParser.swift in Sources */ = {isa = PBXBuildFile; fileRef = 417662EF2BCB4E10B0EE3D0E /* ProgressParser.swift */; };
		9A184834F6E746EB8540A0C4 /* PullVidsService.swift in Sources */ = {isa = PBXBuildFile; fileRef = 171EC267874142A1A2EFC633 /* PullVidsService.swift */; };
		7ADE21DE0A5C4EA8BEBF2D51 /* ArgumentBuilder.swift in Sources */ = {isa = PBXBuildFile; fileRef = 132AAD6D8BD946C9B8D4CDFF /* ArgumentBuilder.swift */; };
		4172FC3CF71E4093A9A9F2AF /* Constants.swift in Sources */ = {isa = PBXBuildFile; fileRef = D790A5FE8B8D4EB2B60E9D3C /* Constants.swift */; };
		B67394ADADDC4024B090B347 /* DateFormatters.swift in Sources */ = {isa = PBXBuildFile; fileRef = 3A1C8D1B03A64B55B8F73D4C /* DateFormatters.swift */; };
		F89C5EB8910A4A8F8C0A5F05 /* FileHelpers.swift in Sources */ = {isa = PBXBuildFile; fileRef = D22E13C74B934E2190881D28 /* FileHelpers.swift */; };
		4D69C16EA4814A518A61B9C0 /* PathHelpers.swift in Sources */ = {isa = PBXBuildFile; fileRef = 96039BCC78D74469938C36ED /* PathHelpers.swift */; };
		06A23AB77FE6472EB04DE661 /* ConvertViewModel.swift in Sources */ = {isa = PBXBuildFile; fileRef = D129D9CC81B44D009ECF95D4 /* ConvertViewModel.swift */; };
		485D35608FD1427B8CB14DF0 /* DiagnosticsViewModel.swift in Sources */ = {isa = PBXBuildFile; fileRef = 9E05EAB9B8CC45549C3C7ABC /* DiagnosticsViewModel.swift */; };
		9DE1CB7C48D842A7868826F4 /* DownloadViewModel.swift in Sources */ = {isa = PBXBuildFile; fileRef = 036D1D97E00F48E6AFEF4F23 /* DownloadViewModel.swift */; };
		5FD1B3C609754063AD339CD3 /* HistoryViewModel.swift in Sources */ = {isa = PBXBuildFile; fileRef = 060783FFF0CE4F529B86B23F /* HistoryViewModel.swift */; };
		A4D0DCD03F0E401FA23C9313 /* QueueViewModel.swift in Sources */ = {isa = PBXBuildFile; fileRef = DD86BBE1C1E24D7F812B702D /* QueueViewModel.swift */; };
		5CB4BAA82EF547E387108E3B /* SettingsViewModel.swift in Sources */ = {isa = PBXBuildFile; fileRef = 0A200D06A4D64BE4B6869466 /* SettingsViewModel.swift */; };
		F89840D4AE994F5AA535D5A3 /* EmptyStateView.swift in Sources */ = {isa = PBXBuildFile; fileRef = D163C36748274A50ACCAD0BE /* EmptyStateView.swift */; };
		3C90F968D48F4FC58EEF4F18 /* ErrorView.swift in Sources */ = {isa = PBXBuildFile; fileRef = 22BE1C5517CC465B9B826455 /* ErrorView.swift */; };
		4C55B7077535452A9164A2B7 /* LogViewerView.swift in Sources */ = {isa = PBXBuildFile; fileRef = B100C438CBBB4856BDF69AA9 /* LogViewerView.swift */; };
		EBFE0C17A7A542DA94A1AE0F /* ContentView.swift in Sources */ = {isa = PBXBuildFile; fileRef = 7806E65552C54ECD92278795 /* ContentView.swift */; };
		67B5926A2350413A847AAB44 /* ConvertView.swift in Sources */ = {isa = PBXBuildFile; fileRef = 82DE25D149B24143A1185DF3 /* ConvertView.swift */; };
		1B8336BFC05243BC97EDAF01 /* DiagnosticsView.swift in Sources */ = {isa = PBXBuildFile; fileRef = DA261A39BDAB4E0F9D9F3292 /* DiagnosticsView.swift */; };
		8B3E6E0688A247529607C9B1 /* DownloadView.swift in Sources */ = {isa = PBXBuildFile; fileRef = A4AB573466164D4DAFBDE244 /* DownloadView.swift */; };
		1628383BF9594926A5784455 /* HistoryView.swift in Sources */ = {isa = PBXBuildFile; fileRef = 7E596AFCE62340A19E3B254E /* HistoryView.swift */; };
		F958F0369C68481387687B18 /* QueueView.swift in Sources */ = {isa = PBXBuildFile; fileRef = 67EF82FBCC594486BCE4E504 /* QueueView.swift */; };
		E84F843766214229959F69AD /* SettingsView.swift in Sources */ = {isa = PBXBuildFile; fileRef = 2F14A709258040CD8812F6A6 /* SettingsView.swift */; };
/* End PBXBuildFile section */

/* Begin PBXFileReference section */
		52EEF936A77A49ADA623CEA4 /* PullAndConvertVidsApp.swift */ = {isa = PBXFileReference; lastKnownFileType = sourcecode.swift; path = "PullAndConvertVidsApp.swift"; sourceTree = "<group>"; };
		9D081DF6E1724C67B23D9C9E /* AppSettings.swift */ = {isa = PBXFileReference; lastKnownFileType = sourcecode.swift; path = "AppSettings.swift"; sourceTree = "<group>"; };
		D83A6F27C2E747028B49B86D /* BinaryInfo.swift */ = {isa = PBXFileReference; lastKnownFileType = sourcecode.swift; path = "BinaryInfo.swift"; sourceTree = "<group>"; };
		6C27470DA2034E79818F00F7 /* CommandRecord.swift */ = {isa = PBXFileReference; lastKnownFileType = sourcecode.swift; path = "CommandRecord.swift"; sourceTree = "<group>"; };
		354DE174AB464F71A21D6173 /* ConvertSettings.swift */ = {isa = PBXFileReference; lastKnownFileType = sourcecode.swift; path = "ConvertSettings.swift"; sourceTree = "<group>"; };
		1259BB8358CB4E8CB2E7532F /* DownloadSettings.swift */ = {isa = PBXFileReference; lastKnownFileType = sourcecode.swift; path = "DownloadSettings.swift"; sourceTree = "<group>"; };
		2679C8514301418D831F271B /* Job.swift */ = {isa = PBXFileReference; lastKnownFileType = sourcecode.swift; path = "Job.swift"; sourceTree = "<group>"; };
		FE6CA31900D54A3FB053F0E7 /* JobStatus.swift */ = {isa = PBXFileReference; lastKnownFileType = sourcecode.swift; path = "JobStatus.swift"; sourceTree = "<group>"; };
		E61AC7C668764CD789C9484D /* JobType.swift */ = {isa = PBXFileReference; lastKnownFileType = sourcecode.swift; path = "JobType.swift"; sourceTree = "<group>"; };
		BD4A5F2D44284314AF6C5AD5 /* BinaryLocator.swift */ = {isa = PBXFileReference; lastKnownFileType = sourcecode.swift; path = "BinaryLocator.swift"; sourceTree = "<group>"; };
		43E2111302DB4826B7B89B8C /* ConvertVidService.swift */ = {isa = PBXFileReference; lastKnownFileType = sourcecode.swift; path = "ConvertVidService.swift"; sourceTree = "<group>"; };
		F065FDB1B9EF4DAB85A65062 /* DependencyChecker.swift */ = {isa = PBXFileReference; lastKnownFileType = sourcecode.swift; path = "DependencyChecker.swift"; sourceTree = "<group>"; };
		F04D768D78EE4E9EA93389E0 /* JobManager.swift */ = {isa = PBXFileReference; lastKnownFileType = sourcecode.swift; path = "JobManager.swift"; sourceTree = "<group>"; };
		43DB7392307F4FE58FB3EFBC /* PipelineCoordinator.swift */ = {isa = PBXFileReference; lastKnownFileType = sourcecode.swift; path = "PipelineCoordinator.swift"; sourceTree = "<group>"; };
		E824AACAA82644AA97FA583A /* ProcessRunner.swift */ = {isa = PBXFileReference; lastKnownFileType = sourcecode.swift; path = "ProcessRunner.swift"; sourceTree = "<group>"; };
		417662EF2BCB4E10B0EE3D0E /* ProgressParser.swift */ = {isa = PBXFileReference; lastKnownFileType = sourcecode.swift; path = "ProgressParser.swift"; sourceTree = "<group>"; };
		171EC267874142A1A2EFC633 /* PullVidsService.swift */ = {isa = PBXFileReference; lastKnownFileType = sourcecode.swift; path = "PullVidsService.swift"; sourceTree = "<group>"; };
		132AAD6D8BD946C9B8D4CDFF /* ArgumentBuilder.swift */ = {isa = PBXFileReference; lastKnownFileType = sourcecode.swift; path = "ArgumentBuilder.swift"; sourceTree = "<group>"; };
		D790A5FE8B8D4EB2B60E9D3C /* Constants.swift */ = {isa = PBXFileReference; lastKnownFileType = sourcecode.swift; path = "Constants.swift"; sourceTree = "<group>"; };
		3A1C8D1B03A64B55B8F73D4C /* DateFormatters.swift */ = {isa = PBXFileReference; lastKnownFileType = sourcecode.swift; path = "DateFormatters.swift"; sourceTree = "<group>"; };
		D22E13C74B934E2190881D28 /* FileHelpers.swift */ = {isa = PBXFileReference; lastKnownFileType = sourcecode.swift; path = "FileHelpers.swift"; sourceTree = "<group>"; };
		96039BCC78D74469938C36ED /* PathHelpers.swift */ = {isa = PBXFileReference; lastKnownFileType = sourcecode.swift; path = "PathHelpers.swift"; sourceTree = "<group>"; };
		D129D9CC81B44D009ECF95D4 /* ConvertViewModel.swift */ = {isa = PBXFileReference; lastKnownFileType = sourcecode.swift; path = "ConvertViewModel.swift"; sourceTree = "<group>"; };
		9E05EAB9B8CC45549C3C7ABC /* DiagnosticsViewModel.swift */ = {isa = PBXFileReference; lastKnownFileType = sourcecode.swift; path = "DiagnosticsViewModel.swift"; sourceTree = "<group>"; };
		036D1D97E00F48E6AFEF4F23 /* DownloadViewModel.swift */ = {isa = PBXFileReference; lastKnownFileType = sourcecode.swift; path = "DownloadViewModel.swift"; sourceTree = "<group>"; };
		060783FFF0CE4F529B86B23F /* HistoryViewModel.swift */ = {isa = PBXFileReference; lastKnownFileType = sourcecode.swift; path = "HistoryViewModel.swift"; sourceTree = "<group>"; };
		DD86BBE1C1E24D7F812B702D /* QueueViewModel.swift */ = {isa = PBXFileReference; lastKnownFileType = sourcecode.swift; path = "QueueViewModel.swift"; sourceTree = "<group>"; };
		0A200D06A4D64BE4B6869466 /* SettingsViewModel.swift */ = {isa = PBXFileReference; lastKnownFileType = sourcecode.swift; path = "SettingsViewModel.swift"; sourceTree = "<group>"; };
		D163C36748274A50ACCAD0BE /* EmptyStateView.swift */ = {isa = PBXFileReference; lastKnownFileType = sourcecode.swift; path = "EmptyStateView.swift"; sourceTree = "<group>"; };
		22BE1C5517CC465B9B826455 /* ErrorView.swift */ = {isa = PBXFileReference; lastKnownFileType = sourcecode.swift; path = "ErrorView.swift"; sourceTree = "<group>"; };
		B100C438CBBB4856BDF69AA9 /* LogViewerView.swift */ = {isa = PBXFileReference; lastKnownFileType = sourcecode.swift; path = "LogViewerView.swift"; sourceTree = "<group>"; };
		7806E65552C54ECD92278795 /* ContentView.swift */ = {isa = PBXFileReference; lastKnownFileType = sourcecode.swift; path = "ContentView.swift"; sourceTree = "<group>"; };
		82DE25D149B24143A1185DF3 /* ConvertView.swift */ = {isa = PBXFileReference; lastKnownFileType = sourcecode.swift; path = "ConvertView.swift"; sourceTree = "<group>"; };
		DA261A39BDAB4E0F9D9F3292 /* DiagnosticsView.swift */ = {isa = PBXFileReference; lastKnownFileType = sourcecode.swift; path = "DiagnosticsView.swift"; sourceTree = "<group>"; };
		A4AB573466164D4DAFBDE244 /* DownloadView.swift */ = {isa = PBXFileReference; lastKnownFileType = sourcecode.swift; path = "DownloadView.swift"; sourceTree = "<group>"; };
		7E596AFCE62340A19E3B254E /* HistoryView.swift */ = {isa = PBXFileReference; lastKnownFileType = sourcecode.swift; path = "HistoryView.swift"; sourceTree = "<group>"; };
		67EF82FBCC594486BCE4E504 /* QueueView.swift */ = {isa = PBXFileReference; lastKnownFileType = sourcecode.swift; path = "QueueView.swift"; sourceTree = "<group>"; };
		2F14A709258040CD8812F6A6 /* SettingsView.swift */ = {isa = PBXFileReference; lastKnownFileType = sourcecode.swift; path = "SettingsView.swift"; sourceTree = "<group>"; };
		6042A10D087549C4AB5EF398 /* PullAndConvertVids.app */ = {isa = PBXFileReference; explicitFileType = wrapper.application; includeInIndex = 0; path = PullAndConvertVids.app; sourceTree = BUILT_PRODUCTS_DIR; };
/* End PBXFileReference section */

/* Begin PBXFrameworksBuildPhase section */
		4F39D6A681474ABEBA1DB79D /* Frameworks */ = {
			isa = PBXFrameworksBuildPhase;
			buildActionMask = 2147483647;
			files = (
			);
			runOnlyForDeploymentPostprocessing = 0;
		};
/* End PBXFrameworksBuildPhase section */

/* Begin PBXGroup section */
		42A767C3BCB5461C8792F5A7 = {
			isa = PBXGroup;
			children = (
				54AE1A1833A04E4FA3F0542E /* PullAndConvertVids */,
				653F72CFAD7A49929A202D05 /* Products */,
			);
			sourceTree = "<group>";
		};
		653F72CFAD7A49929A202D05 /* Products */ = {
			isa = PBXGroup;
			children = (
				6042A10D087549C4AB5EF398 /* PullAndConvertVids.app */,
			);
			name = Products;
			sourceTree = "<group>";
		};
		54AE1A1833A04E4FA3F0542E /* PullAndConvertVids */ = {
			isa = PBXGroup;
			children = (
				D19362023FFB44C981B51B28 /* App */,
				F991B2B318DD4C1590584FD7 /* Models */,
				23CDBE4EE5C44BB28F8B2DAF /* Services */,
				11FC5289D9F24702B7159CCC /* Utilities */,
				7567F666C74A46E5BA5A52CE /* ViewModels */,
				5E5CA352BF2A465B8B4C6CF7 /* Views */,
				2934A8F162BE4C5886F5120B /* Components */,
				6CA66F1281944BDA9A9347F6 /* Convert */,
				28BD0D7167E84B92AD0AAC76 /* Diagnostics */,
				3D9C757524174AD5B29A3A38 /* Download */,
				B74633F3F774493A8B72A3C3 /* History */,
				1191E15581A8458EB75A0760 /* Queue */,
				42DBB22F59B14A8793527620 /* Settings */,
			);
			path = PullAndConvertVids;
			sourceTree = "<group>";
		};
		D19362023FFB44C981B51B28 /* App */ = {
			isa = PBXGroup;
			children = (
				52EEF936A77A49ADA623CEA4 /* PullAndConvertVidsApp.swift */,
			);
			path = App;
			sourceTree = "<group>";
		};
		F991B2B318DD4C1590584FD7 /* Models */ = {
			isa = PBXGroup;
			children = (
				9D081DF6E1724C67B23D9C9E /* AppSettings.swift */,
				D83A6F27C2E747028B49B86D /* BinaryInfo.swift */,
				6C27470DA2034E79818F00F7 /* CommandRecord.swift */,
				354DE174AB464F71A21D6173 /* ConvertSettings.swift */,
				1259BB8358CB4E8CB2E7532F /* DownloadSettings.swift */,
				2679C8514301418D831F271B /* Job.swift */,
				FE6CA31900D54A3FB053F0E7 /* JobStatus.swift */,
				E61AC7C668764CD789C9484D /* JobType.swift */,
			);
			path = Models;
			sourceTree = "<group>";
		};
		23CDBE4EE5C44BB28F8B2DAF /* Services */ = {
			isa = PBXGroup;
			children = (
				BD4A5F2D44284314AF6C5AD5 /* BinaryLocator.swift */,
				43E2111302DB4826B7B89B8C /* ConvertVidService.swift */,
				F065FDB1B9EF4DAB85A65062 /* DependencyChecker.swift */,
				F04D768D78EE4E9EA93389E0 /* JobManager.swift */,
				43DB7392307F4FE58FB3EFBC /* PipelineCoordinator.swift */,
				E824AACAA82644AA97FA583A /* ProcessRunner.swift */,
				417662EF2BCB4E10B0EE3D0E /* ProgressParser.swift */,
				171EC267874142A1A2EFC633 /* PullVidsService.swift */,
			);
			path = Services;
			sourceTree = "<group>";
		};
		11FC5289D9F24702B7159CCC /* Utilities */ = {
			isa = PBXGroup;
			children = (
				132AAD6D8BD946C9B8D4CDFF /* ArgumentBuilder.swift */,
				D790A5FE8B8D4EB2B60E9D3C /* Constants.swift */,
				3A1C8D1B03A64B55B8F73D4C /* DateFormatters.swift */,
				D22E13C74B934E2190881D28 /* FileHelpers.swift */,
				96039BCC78D74469938C36ED /* PathHelpers.swift */,
			);
			path = Utilities;
			sourceTree = "<group>";
		};
		7567F666C74A46E5BA5A52CE /* ViewModels */ = {
			isa = PBXGroup;
			children = (
				D129D9CC81B44D009ECF95D4 /* ConvertViewModel.swift */,
				9E05EAB9B8CC45549C3C7ABC /* DiagnosticsViewModel.swift */,
				036D1D97E00F48E6AFEF4F23 /* DownloadViewModel.swift */,
				060783FFF0CE4F529B86B23F /* HistoryViewModel.swift */,
				DD86BBE1C1E24D7F812B702D /* QueueViewModel.swift */,
				0A200D06A4D64BE4B6869466 /* SettingsViewModel.swift */,
			);
			path = ViewModels;
			sourceTree = "<group>";
		};
		2934A8F162BE4C5886F5120B /* Components */ = {
			isa = PBXGroup;
			children = (
				D163C36748274A50ACCAD0BE /* EmptyStateView.swift */,
				22BE1C5517CC465B9B826455 /* ErrorView.swift */,
				B100C438CBBB4856BDF69AA9 /* LogViewerView.swift */,
			);
			path = Components;
			sourceTree = "<group>";
		};
		5E5CA352BF2A465B8B4C6CF7 /* Views */ = {
			isa = PBXGroup;
			children = (
				7806E65552C54ECD92278795 /* ContentView.swift */,
			);
			path = Views;
			sourceTree = "<group>";
		};
		6CA66F1281944BDA9A9347F6 /* Convert */ = {
			isa = PBXGroup;
			children = (
				82DE25D149B24143A1185DF3 /* ConvertView.swift */,
			);
			path = Convert;
			sourceTree = "<group>";
		};
		28BD0D7167E84B92AD0AAC76 /* Diagnostics */ = {
			isa = PBXGroup;
			children = (
				DA261A39BDAB4E0F9D9F3292 /* DiagnosticsView.swift */,
			);
			path = Diagnostics;
			sourceTree = "<group>";
		};
		3D9C757524174AD5B29A3A38 /* Download */ = {
			isa = PBXGroup;
			children = (
				A4AB573466164D4DAFBDE244 /* DownloadView.swift */,
			);
			path = Download;
			sourceTree = "<group>";
		};
		B74633F3F774493A8B72A3C3 /* History */ = {
			isa = PBXGroup;
			children = (
				7E596AFCE62340A19E3B254E /* HistoryView.swift */,
			);
			path = History;
			sourceTree = "<group>";
		};
		1191E15581A8458EB75A0760 /* Queue */ = {
			isa = PBXGroup;
			children = (
				67EF82FBCC594486BCE4E504 /* QueueView.swift */,
			);
			path = Queue;
			sourceTree = "<group>";
		};
		42DBB22F59B14A8793527620 /* Settings */ = {
			isa = PBXGroup;
			children = (
				2F14A709258040CD8812F6A6 /* SettingsView.swift */,
			);
			path = Settings;
			sourceTree = "<group>";
		};
/* End PBXGroup section */

/* Begin PBXNativeTarget section */
		F627F89A1CB84968A1F69DB9 /* PullAndConvertVids */ = {
			isa = PBXNativeTarget;
			buildConfigurationList = F6CD2B6265A34D8191AE0AAF;
			buildPhases = (
				8EB6750B84BF4537BA18D9F4 /* Sources */,
				4F39D6A681474ABEBA1DB79D /* Frameworks */,
				8A5A9DF92BDE445FB0B49731 /* Resources */,
			);
			buildRules = (
			);
			dependencies = (
			);
			name = PullAndConvertVids;
			productName = PullAndConvertVids;
			productReference = 6042A10D087549C4AB5EF398;
			productType = "com.apple.product-type.application";
		};
/* End PBXNativeTarget section */

/* Begin PBXProject section */
		5414FEC1C9FE4292A9A8236C /* Project object */ = {
			isa = PBXProject;
			attributes = {
				BuildIndependentTargetsInParallel = 1;
				LastSwiftUpdateCheck = 1500;
				LastUpgradeCheck = 1500;
			};
			buildConfigurationList = 5ACF0A9C4903424890D937AA;
			compatibilityVersion = "Xcode 14.0";
			hasScannedForEncodings = 0;
			mainGroup = 42A767C3BCB5461C8792F5A7;
			productRefGroup = 653F72CFAD7A49929A202D05;
			projectDirPath = "";
			projectRoot = "";
			targets = (
				F627F89A1CB84968A1F69DB9 /* PullAndConvertVids */,
			);
		};
/* End PBXProject section */

/* Begin PBXResourcesBuildPhase section */
		8A5A9DF92BDE445FB0B49731 /* Resources */ = {
			isa = PBXResourcesBuildPhase;
			buildActionMask = 2147483647;
			files = (
			);
			runOnlyForDeploymentPostprocessing = 0;
		};
/* End PBXResourcesBuildPhase section */

/* Begin PBXSourcesBuildPhase section */
		8EB6750B84BF4537BA18D9F4 /* Sources */ = {
			isa = PBXSourcesBuildPhase;
			buildActionMask = 2147483647;
			files = (
				6DAFA09AF9E3419D8110439E /* PullAndConvertVidsApp.swift in Sources */,
				A01534009CE4416C9D7277FD /* AppSettings.swift in Sources */,
				77B27BF30D994C1BBB3160D5 /* BinaryInfo.swift in Sources */,
				91F7FDE0259A4518AC2318E1 /* CommandRecord.swift in Sources */,
				50FB2945FDAC421ABA33D8F7 /* ConvertSettings.swift in Sources */,
				7CF00AC663C141A19D7D7E44 /* DownloadSettings.swift in Sources */,
				D050DC50B7CE416F9658130C /* Job.swift in Sources */,
				E9B4147B218045BC843713EA /* JobStatus.swift in Sources */,
				B093A135952F4ECF8E51085D /* JobType.swift in Sources */,
				E8D97D77883C4BBE97269484 /* BinaryLocator.swift in Sources */,
				4B26EB9E967A45ADB9F532C5 /* ConvertVidService.swift in Sources */,
				867777C7900641B7A567980F /* DependencyChecker.swift in Sources */,
				F3324966E6C44FD3A2D09CCE /* JobManager.swift in Sources */,
				86D4193550B341F1AE33DDA6 /* PipelineCoordinator.swift in Sources */,
				F685F398A0444BE0936F1CB9 /* ProcessRunner.swift in Sources */,
				FAE773DEB7494D5B94EE943E /* ProgressParser.swift in Sources */,
				9A184834F6E746EB8540A0C4 /* PullVidsService.swift in Sources */,
				7ADE21DE0A5C4EA8BEBF2D51 /* ArgumentBuilder.swift in Sources */,
				4172FC3CF71E4093A9A9F2AF /* Constants.swift in Sources */,
				B67394ADADDC4024B090B347 /* DateFormatters.swift in Sources */,
				F89C5EB8910A4A8F8C0A5F05 /* FileHelpers.swift in Sources */,
				4D69C16EA4814A518A61B9C0 /* PathHelpers.swift in Sources */,
				06A23AB77FE6472EB04DE661 /* ConvertViewModel.swift in Sources */,
				485D35608FD1427B8CB14DF0 /* DiagnosticsViewModel.swift in Sources */,
				9DE1CB7C48D842A7868826F4 /* DownloadViewModel.swift in Sources */,
				5FD1B3C609754063AD339CD3 /* HistoryViewModel.swift in Sources */,
				A4D0DCD03F0E401FA23C9313 /* QueueViewModel.swift in Sources */,
				5CB4BAA82EF547E387108E3B /* SettingsViewModel.swift in Sources */,
				F89840D4AE994F5AA535D5A3 /* EmptyStateView.swift in Sources */,
				3C90F968D48F4FC58EEF4F18 /* ErrorView.swift in Sources */,
				4C55B7077535452A9164A2B7 /* LogViewerView.swift in Sources */,
				EBFE0C17A7A542DA94A1AE0F /* ContentView.swift in Sources */,
				67B5926A2350413A847AAB44 /* ConvertView.swift in Sources */,
				1B8336BFC05243BC97EDAF01 /* DiagnosticsView.swift in Sources */,
				8B3E6E0688A247529607C9B1 /* DownloadView.swift in Sources */,
				1628383BF9594926A5784455 /* HistoryView.swift in Sources */,
				F958F0369C68481387687B18 /* QueueView.swift in Sources */,
				E84F843766214229959F69AD /* SettingsView.swift in Sources */,
			);
			runOnlyForDeploymentPostprocessing = 0;
		};
/* End PBXSourcesBuildPhase section */

/* Begin XCBuildConfiguration section */
		91A3D32E306647A6809C1657 /* Debug */ = {
			isa = XCBuildConfiguration;
			buildSettings = {
				ALWAYS_SEARCH_USER_PATHS = NO;
				CLANG_ANALYZER_NONNULL = YES;
				CLANG_CXX_LANGUAGE_STANDARD = "gnu++20";
				COPY_PHASE_STRIP = NO;
				ENABLE_TESTABILITY = YES;
				GCC_C_LANGUAGE_STANDARD = gnu11;
				GCC_DYNAMIC_NO_PIC = NO;
				GCC_OPTIMIZATION_LEVEL = 0;
				GCC_PREPROCESSOR_DEFINITIONS = (
					"DEBUG=1",
				);
				MACOSX_DEPLOYMENT_TARGET = 13.0;
				MTL_ENABLE_DEBUG_INFO = INCLUDE_SOURCE;
				ONLY_ACTIVE_ARCH = YES;
				SWIFT_ACTIVE_COMPILATION_CONDITIONS = DEBUG;
				SWIFT_OPTIMIZATION_LEVEL = "-Onone";
				SWIFT_VERSION = 5.0;
			};
			name = Debug;
		};
		DA082479EDE14627A2E23166 /* Release */ = {
			isa = XCBuildConfiguration;
			buildSettings = {
				ALWAYS_SEARCH_USER_PATHS = NO;
				CLANG_ANALYZER_NONNULL = YES;
				CLANG_CXX_LANGUAGE_STANDARD = "gnu++20";
				COPY_PHASE_STRIP = NO;
				GCC_C_LANGUAGE_STANDARD = gnu11;
				MACOSX_DEPLOYMENT_TARGET = 13.0;
				MTL_ENABLE_DEBUG_INFO = NO;
				SWIFT_COMPILATION_MODE = wholemodule;
				SWIFT_OPTIMIZATION_LEVEL = "-O";
				SWIFT_VERSION = 5.0;
			};
			name = Release;
		};
		25DC28682053498BB7DA3F81 /* Debug */ = {
			isa = XCBuildConfiguration;
			buildSettings = {
				CODE_SIGN_IDENTITY = "-";
				CODE_SIGN_STYLE = Automatic;
				CURRENT_PROJECT_VERSION = 1;
				ENABLE_HARDENED_RUNTIME = YES;
				GENERATE_INFOPLIST_FILE = YES;
				INFOPLIST_KEY_LSApplicationCategoryType = "public.app-category.utilities";
				INFOPLIST_KEY_NSHumanReadableCopyright = "Copyright 2025";
				INFOPLIST_KEY_NSPrincipalClass = NSApplication;
				LD_RUNPATH_SEARCH_PATHS = (
					"$(inherited)",
					"@executable_path/../Frameworks",
				);
				MACOSX_DEPLOYMENT_TARGET = 13.0;
				MARKETING_VERSION = 1.0.0;
				PRODUCT_BUNDLE_IDENTIFIER = com.vib795.PullAndConvertVids;
				PRODUCT_NAME = "$(TARGET_NAME)";
				SWIFT_EMIT_LOC_STRINGS = YES;
				SWIFT_VERSION = 5.0;
			};
			name = Debug;
		};
		0E4308A2479C4E0FB8BCAF80 /* Release */ = {
			isa = XCBuildConfiguration;
			buildSettings = {
				CODE_SIGN_IDENTITY = "-";
				CODE_SIGN_STYLE = Automatic;
				CURRENT_PROJECT_VERSION = 1;
				ENABLE_HARDENED_RUNTIME = YES;
				GENERATE_INFOPLIST_FILE = YES;
				INFOPLIST_KEY_LSApplicationCategoryType = "public.app-category.utilities";
				INFOPLIST_KEY_NSHumanReadableCopyright = "Copyright 2025";
				INFOPLIST_KEY_NSPrincipalClass = NSApplication;
				LD_RUNPATH_SEARCH_PATHS = (
					"$(inherited)",
					"@executable_path/../Frameworks",
				);
				MACOSX_DEPLOYMENT_TARGET = 13.0;
				MARKETING_VERSION = 1.0.0;
				PRODUCT_BUNDLE_IDENTIFIER = com.vib795.PullAndConvertVids;
				PRODUCT_NAME = "$(TARGET_NAME)";
				SWIFT_EMIT_LOC_STRINGS = YES;
				SWIFT_VERSION = 5.0;
			};
			name = Release;
		};
/* End XCBuildConfiguration section */

/* Begin XCConfigurationList section */
		5ACF0A9C4903424890D937AA /* Build configuration list for PBXProject "PullAndConvertVids" */ = {
			isa = XCConfigurationList;
			buildConfigurations = (
				91A3D32E306647A6809C1657 /* Debug */,
				DA082479EDE14627A2E23166 /* Release */,
			);
			defaultConfigurationIsVisible = 0;
			defaultConfigurationName = Release;
		};
		F6CD2B6265A34D8191AE0AAF /* Build configuration list for PBXNativeTarget "PullAndConvertVids" */ = {
			isa = XCConfigurationList;
			buildConfigurations = (
				25DC28682053498BB7DA3F81 /* Debug */,
				0E4308A2479C4E0FB8BCAF80 /* Release */,
			);
			defaultConfigurationIsVisible = 0;
			defaultConfigurationName = Release;
		};
/* End XCConfigurationList section */
	};
	rootObject = 5414FEC1C9FE4292A9A8236C /* Project object */;
}
